
Microsoft Visual Studio Solution File, Format Version 12.00
# Visual Studio 2012
Project("{FAE04EC0-301F-11D3-BF4B-00C04F79EFBC}") = "DroptilesWebApp", "DroptilesWebApp.csproj", "{211D779B-18DA-4CBD-9938-63B0ECE7D25B}"
EndProject
Global
	GlobalSection(SolutionConfigurationPlatforms) = preSolution
		Debug|Any CPU = Debug|Any CPU
		Release|Any CPU = Release|Any CPU
	EndGlobalSection
	GlobalSection(ProjectConfigurationPlatforms) = postSolution
		{211D779B-18DA-4CBD-9938-63B0ECE7D25B}.Debug|Any CPU.ActiveCfg = Debug|Any CPU
		{211D779B-18DA-4CBD-9938-63B0ECE7D25B}.Debug|Any CPU.Build.0 = Debug|Any CPU
		{211D779B-18DA-4CBD-9938-63B0ECE7D25B}.Release|Any CPU.ActiveCfg = Release|Any CPU
		{211D779B-18DA-4CBD-9938-63B0ECE7D25B}.Release|Any CPU.Build.0 = Release|Any CPU
		{E6E3EA66-5944-48FA-A2F8-56F1611EE449}.Debug|Any CPU.ActiveCfg = Debug|Any CPU
		{E6E3EA66-5944-48FA-A2F8-56F1611EE449}.Debug|Any CPU.Build.0 = Debug|Any CPU
		{E6E3EA66-5944-48FA-A2F8-56F1611EE449}.Release|Any CPU.ActiveCfg = Release|Any CPU
		{E6E3EA66-5944-48FA-A2F8-56F1611EE449}.Release|Any CPU.Build.0 = Release|Any CPU
	EndGlobalSection
	GlobalSection(SolutionProperties) = preSolution
		HideSolutionNode = FALSE
	EndGlobalSection
EndGlobal
