
Microsoft Visual Studio Solution File, Format Version 12.00
# Visual Studio 2012
Project("{E24C65DC-7377-472B-9ABA-BC803B73C61A}") = "Droptiles", ".", "{0256E984-6B4D-4FF9-B084-4B3660F5E309}"
	ProjectSection(WebsiteProperties) = preProject
		Debug.AspNetCompiler.Debug = "True"
		Debug.AspNetCompiler.FixedNames = "false"
		Debug.AspNetCompiler.ForceOverwrite = "true"
		Debug.AspNetCompiler.PhysicalPath = "..\Droptiles\"
		Debug.AspNetCompiler.TargetPath = "PrecompiledWeb\Droptiles\"
		Debug.AspNetCompiler.Updateable = "true"
		Debug.AspNetCompiler.VirtualPath = "/Droptiles"
		Release.AspNetCompiler.Debug = "False"
		Release.AspNetCompiler.FixedNames = "false"
		Release.AspNetCompiler.ForceOverwrite = "true"
		Release.AspNetCompiler.PhysicalPath = "..\Droptiles\"
		Release.AspNetCompiler.TargetPath = "PrecompiledWeb\Droptiles\"
		Release.AspNetCompiler.Updateable = "true"
		Release.AspNetCompiler.VirtualPath = "/Droptiles"
		TargetFrameworkMoniker = ".NETFramework,Version%3Dv3.5"
		VWDPort = "60381"
	EndProjectSection
EndProject
Global
	GlobalSection(SolutionConfigurationPlatforms) = preSolution
		Debug|Any CPU = Debug|Any CPU
	EndGlobalSection
	GlobalSection(ProjectConfigurationPlatforms) = postSolution
		{0256E984-6B4D-4FF9-B084-4B3660F5E309}.Debug|Any CPU.ActiveCfg = Debug|Any CPU
		{0256E984-6B4D-4FF9-B084-4B3660F5E309}.Debug|Any CPU.Build.0 = Debug|Any CPU
	EndGlobalSection
	GlobalSection(SolutionProperties) = preSolution
		HideSolutionNode = FALSE
	EndGlobalSection
EndGlobal
